
Microsoft Visual Studio Solution File, Format Version 12.00
# Visual Studio Version 17
VisualStudioVersion = 17.7.34003.232
MinimumVisualStudioVersion = 10.0.40219.1
Project("{FAE04EC0-301F-11D3-BF4B-00C04F79EFBC}") = "Teste5", "Teste5\Teste5.csproj", "{6BAC8618-DC60-423E-93A5-C26B74B77214}"
EndProject
Global
	GlobalSection(SolutionConfigurationPlatforms) = preSolution
		Debug|Any CPU = Debug|Any CPU
		Release|Any CPU = Release|Any CPU
	EndGlobalSection
	GlobalSection(ProjectConfigurationPlatforms) = postSolution
		{6BAC8618-DC60-423E-93A5-C26B74B77214}.Debug|Any CPU.ActiveCfg = Debug|Any CPU
		{6BAC8618-DC60-423E-93A5-C26B74B77214}.Debug|Any CPU.Build.0 = Debug|Any CPU
		{6BAC8618-DC60-423E-93A5-C26B74B77214}.Release|Any CPU.ActiveCfg = Release|Any CPU
		{6BAC8618-DC60-423E-93A5-C26B74B77214}.Release|Any CPU.Build.0 = Release|Any CPU
	EndGlobalSection
	GlobalSection(SolutionProperties) = preSolution
		HideSolutionNode = FALSE
	EndGlobalSection
	GlobalSection(ExtensibilityGlobals) = postSolution
		SolutionGuid = {C338CF16-8188-4399-91C5-0BC00C9F8FB8}
	EndGlobalSection
EndGlobal
