
Microsoft Visual Studio Solution File, Format Version 12.00
# Visual Studio Version 17
VisualStudioVersion = 17.7.34024.191
MinimumVisualStudioVersion = 10.0.40219.1
Project("{FAE04EC0-301F-11D3-BF4B-00C04F79EFBC}") = "Teste16", "Teste16\Teste16.csproj", "{A0AD4CE2-8BC8-4645-A323-D4858E027631}"
EndProject
Global
	GlobalSection(SolutionConfigurationPlatforms) = preSolution
		Debug|Any CPU = Debug|Any CPU
		Release|Any CPU = Release|Any CPU
	EndGlobalSection
	GlobalSection(ProjectConfigurationPlatforms) = postSolution
		{A0AD4CE2-8BC8-4645-A323-D4858E027631}.Debug|Any CPU.ActiveCfg = Debug|Any CPU
		{A0AD4CE2-8BC8-4645-A323-D4858E027631}.Debug|Any CPU.Build.0 = Debug|Any CPU
		{A0AD4CE2-8BC8-4645-A323-D4858E027631}.Release|Any CPU.ActiveCfg = Release|Any CPU
		{A0AD4CE2-8BC8-4645-A323-D4858E027631}.Release|Any CPU.Build.0 = Release|Any CPU
	EndGlobalSection
	GlobalSection(SolutionProperties) = preSolution
		HideSolutionNode = FALSE
	EndGlobalSection
	GlobalSection(ExtensibilityGlobals) = postSolution
		SolutionGuid = {38254535-BF08-4C4A-95BC-43E067174925}
	EndGlobalSection
EndGlobal
