
Microsoft Visual Studio Solution File, Format Version 12.00
# Visual Studio Version 17
VisualStudioVersion = 17.7.34024.191
MinimumVisualStudioVersion = 10.0.40219.1
Project("{FAE04EC0-301F-11D3-BF4B-00C04F79EFBC}") = "Teste11", "Teste11\Teste11.csproj", "{3627C698-6EBD-4E1E-AF32-63CBA4E015E6}"
EndProject
Global
	GlobalSection(SolutionConfigurationPlatforms) = preSolution
		Debug|Any CPU = Debug|Any CPU
		Release|Any CPU = Release|Any CPU
	EndGlobalSection
	GlobalSection(ProjectConfigurationPlatforms) = postSolution
		{3627C698-6EBD-4E1E-AF32-63CBA4E015E6}.Debug|Any CPU.ActiveCfg = Debug|Any CPU
		{3627C698-6EBD-4E1E-AF32-63CBA4E015E6}.Debug|Any CPU.Build.0 = Debug|Any CPU
		{3627C698-6EBD-4E1E-AF32-63CBA4E015E6}.Release|Any CPU.ActiveCfg = Release|Any CPU
		{3627C698-6EBD-4E1E-AF32-63CBA4E015E6}.Release|Any CPU.Build.0 = Release|Any CPU
	EndGlobalSection
	GlobalSection(SolutionProperties) = preSolution
		HideSolutionNode = FALSE
	EndGlobalSection
	GlobalSection(ExtensibilityGlobals) = postSolution
		SolutionGuid = {F41D3EB8-D524-4C0C-A960-70C4AE06DEAC}
	EndGlobalSection
EndGlobal
