
Microsoft Visual Studio Solution File, Format Version 12.00
# Visual Studio Version 17
VisualStudioVersion = 17.7.34024.191
MinimumVisualStudioVersion = 10.0.40219.1
Project("{FAE04EC0-301F-11D3-BF4B-00C04F79EFBC}") = "Teste12", "Teste12\Teste12.csproj", "{7D0FA252-8D5E-4CCA-8ECE-32F895AA731C}"
EndProject
Global
	GlobalSection(SolutionConfigurationPlatforms) = preSolution
		Debug|Any CPU = Debug|Any CPU
		Release|Any CPU = Release|Any CPU
	EndGlobalSection
	GlobalSection(ProjectConfigurationPlatforms) = postSolution
		{7D0FA252-8D5E-4CCA-8ECE-32F895AA731C}.Debug|Any CPU.ActiveCfg = Debug|Any CPU
		{7D0FA252-8D5E-4CCA-8ECE-32F895AA731C}.Debug|Any CPU.Build.0 = Debug|Any CPU
		{7D0FA252-8D5E-4CCA-8ECE-32F895AA731C}.Release|Any CPU.ActiveCfg = Release|Any CPU
		{7D0FA252-8D5E-4CCA-8ECE-32F895AA731C}.Release|Any CPU.Build.0 = Release|Any CPU
	EndGlobalSection
	GlobalSection(SolutionProperties) = preSolution
		HideSolutionNode = FALSE
	EndGlobalSection
	GlobalSection(ExtensibilityGlobals) = postSolution
		SolutionGuid = {19DCA886-9891-4C4B-A24B-69B0F58A51A7}
	EndGlobalSection
EndGlobal
